{
  "name": "node-dotnet-sample",
  "version": "1.0.0",
  "lockfileVersion": 3,
  "requires": true,
  "packages": {
    "": {
      "name": "node-dotnet-sample",
      "version": "1.0.0",
      "dependencies": {
        "node-api-dotnet": "^0.5.13"
      },
      "devDependencies": {
        "node-api-dotnet-generator": "^0.5.13"
      }
    },
    "node_modules/node-api-dotnet": {
      "version": "0.5.13",
      "resolved": "https://registry.npmjs.org/node-api-dotnet/-/node-api-dotnet-0.5.13.tgz",
      "integrity": "sha512-PP4ZvlA58GkyILXk294kimF2EJhOXl/LsgweSH1IqOTz2wuwYAQ58RQqgZSJNoMaMwp4XcF/18E6oopt8tZTZw=="
    },
    "node_modules/node-api-dotnet-generator": {
      "version": "0.5.13",
      "resolved": "https://registry.npmjs.org/node-api-dotnet-generator/-/node-api-dotnet-generator-0.5.13.tgz",
      "integrity": "sha512-paL7uAyS1fNtemxqSpkKX953u9ioD7nt7+tsqwxPf37fu4hqgaB67Lr56mHQG/KBExuKNu2pb496SaIlW56AsQ==",
      "dev": true,
      "dependencies": {
        "node-api-dotnet": "0.5.13"
      },
      "bin": {
        "node-api-dotnet-generator": "index.js"
      }
    }
  }
}
